
Microsoft Visual Studio Solution File, Format Version 12.00
# Visual Studio Version 17
VisualStudioVersion = 17.9.34607.119
MinimumVisualStudioVersion = 10.0.40219.1
Project("{FAE04EC0-301F-11D3-BF4B-00C04F79EFBC}") = "Lab3", "Lab3\Lab3.csproj", "{ED32545F-C382-4986-AB3E-C772393267F5}"
EndProject
Global
	GlobalSection(SolutionConfigurationPlatforms) = preSolution
		Debug|Any CPU = Debug|Any CPU
		Release|Any CPU = Release|Any CPU
	EndGlobalSection
	GlobalSection(ProjectConfigurationPlatforms) = postSolution
		{ED32545F-C382-4986-AB3E-C772393267F5}.Debug|Any CPU.ActiveCfg = Debug|Any CPU
		{ED32545F-C382-4986-AB3E-C772393267F5}.Debug|Any CPU.Build.0 = Debug|Any CPU
		{ED32545F-C382-4986-AB3E-C772393267F5}.Release|Any CPU.ActiveCfg = Release|Any CPU
		{ED32545F-C382-4986-AB3E-C772393267F5}.Release|Any CPU.Build.0 = Release|Any CPU
	EndGlobalSection
	GlobalSection(SolutionProperties) = preSolution
		HideSolutionNode = FALSE
	EndGlobalSection
	GlobalSection(ExtensibilityGlobals) = postSolution
		SolutionGuid = {4F21BECC-80CB-4BBF-8047-B034371CF79E}
	EndGlobalSection
EndGlobal
